
Microsoft Visual Studio Solution File, Format Version 12.00
# Visual Studio 15
VisualStudioVersion = 15.0.26124.0
MinimumVisualStudioVersion = 15.0.26124.0
Project("{FAE04EC0-301F-11D3-BF4B-00C04F79EFBC}") = "R5T.D0003.Construction", "R5T.D0003.Construction\R5T.D0003.Construction.csproj", "{F35065A5-AAED-450A-A0F0-58B6674552D9}"
EndProject
Project("{FAE04EC0-301F-11D3-BF4B-00C04F79EFBC}") = "R5T.D0003", "R5T.D0003\R5T.D0003.csproj", "{84BF3DA5-FB5F-4301-9A5A-E256C36557CF}"
EndProject
Global
	GlobalSection(SolutionConfigurationPlatforms) = preSolution
		Debug|Any CPU = Debug|Any CPU
		Debug|x64 = Debug|x64
		Debug|x86 = Debug|x86
		Release|Any CPU = Release|Any CPU
		Release|x64 = Release|x64
		Release|x86 = Release|x86
	EndGlobalSection
	GlobalSection(SolutionProperties) = preSolution
		HideSolutionNode = FALSE
	EndGlobalSection
	GlobalSection(ProjectConfigurationPlatforms) = postSolution
		{F35065A5-AAED-450A-A0F0-58B6674552D9}.Debug|Any CPU.ActiveCfg = Debug|Any CPU
		{F35065A5-AAED-450A-A0F0-58B6674552D9}.Debug|Any CPU.Build.0 = Debug|Any CPU
		{F35065A5-AAED-450A-A0F0-58B6674552D9}.Debug|x64.ActiveCfg = Debug|Any CPU
		{F35065A5-AAED-450A-A0F0-58B6674552D9}.Debug|x64.Build.0 = Debug|Any CPU
		{F35065A5-AAED-450A-A0F0-58B6674552D9}.Debug|x86.ActiveCfg = Debug|Any CPU
		{F35065A5-AAED-450A-A0F0-58B6674552D9}.Debug|x86.Build.0 = Debug|Any CPU
		{F35065A5-AAED-450A-A0F0-58B6674552D9}.Release|Any CPU.ActiveCfg = Release|Any CPU
		{F35065A5-AAED-450A-A0F0-58B6674552D9}.Release|Any CPU.Build.0 = Release|Any CPU
		{F35065A5-AAED-450A-A0F0-58B6674552D9}.Release|x64.ActiveCfg = Release|Any CPU
		{F35065A5-AAED-450A-A0F0-58B6674552D9}.Release|x64.Build.0 = Release|Any CPU
		{F35065A5-AAED-450A-A0F0-58B6674552D9}.Release|x86.ActiveCfg = Release|Any CPU
		{F35065A5-AAED-450A-A0F0-58B6674552D9}.Release|x86.Build.0 = Release|Any CPU
		{84BF3DA5-FB5F-4301-9A5A-E256C36557CF}.Debug|Any CPU.ActiveCfg = Debug|Any CPU
		{84BF3DA5-FB5F-4301-9A5A-E256C36557CF}.Debug|Any CPU.Build.0 = Debug|Any CPU
		{84BF3DA5-FB5F-4301-9A5A-E256C36557CF}.Debug|x64.ActiveCfg = Debug|Any CPU
		{84BF3DA5-FB5F-4301-9A5A-E256C36557CF}.Debug|x64.Build.0 = Debug|Any CPU
		{84BF3DA5-FB5F-4301-9A5A-E256C36557CF}.Debug|x86.ActiveCfg = Debug|Any CPU
		{84BF3DA5-FB5F-4301-9A5A-E256C36557CF}.Debug|x86.Build.0 = Debug|Any CPU
		{84BF3DA5-FB5F-4301-9A5A-E256C36557CF}.Release|Any CPU.ActiveCfg = Release|Any CPU
		{84BF3DA5-FB5F-4301-9A5A-E256C36557CF}.Release|Any CPU.Build.0 = Release|Any CPU
		{84BF3DA5-FB5F-4301-9A5A-E256C36557CF}.Release|x64.ActiveCfg = Release|Any CPU
		{84BF3DA5-FB5F-4301-9A5A-E256C36557CF}.Release|x64.Build.0 = Release|Any CPU
		{84BF3DA5-FB5F-4301-9A5A-E256C36557CF}.Release|x86.ActiveCfg = Release|Any CPU
		{84BF3DA5-FB5F-4301-9A5A-E256C36557CF}.Release|x86.Build.0 = Release|Any CPU
	EndGlobalSection
EndGlobal
